
Microsoft Visual Studio Solution File, Format Version 12.00
# Visual Studio 15
VisualStudioVersion = 15.0.27428.2002
MinimumVisualStudioVersion = 10.0.40219.1
Project("{9A19103F-16F7-4668-BE54-9A1E7A4F7556}") = "Life-Log-API", "Life-Log-API\Life-Log-API.csproj", "{E1CA3108-D53F-4799-866D-C81B9086C1B1}"
EndProject
Project("{FAE04EC0-301F-11D3-BF4B-00C04F79EFBC}") = "XUnitTestProject1", "XUnitTestProject1\XUnitTestProject1.csproj", "{A25DC3B6-6804-43A6-BDEF-4EB1EDAC8512}"
EndProject
Global
	GlobalSection(SolutionConfigurationPlatforms) = preSolution
		Debug|Any CPU = Debug|Any CPU
		Release|Any CPU = Release|Any CPU
	EndGlobalSection
	GlobalSection(ProjectConfigurationPlatforms) = postSolution
		{E1CA3108-D53F-4799-866D-C81B9086C1B1}.Debug|Any CPU.ActiveCfg = Debug|Any CPU
		{E1CA3108-D53F-4799-866D-C81B9086C1B1}.Debug|Any CPU.Build.0 = Debug|Any CPU
		{E1CA3108-D53F-4799-866D-C81B9086C1B1}.Release|Any CPU.ActiveCfg = Release|Any CPU
		{E1CA3108-D53F-4799-866D-C81B9086C1B1}.Release|Any CPU.Build.0 = Release|Any CPU
		{A25DC3B6-6804-43A6-BDEF-4EB1EDAC8512}.Debug|Any CPU.ActiveCfg = Debug|Any CPU
		{A25DC3B6-6804-43A6-BDEF-4EB1EDAC8512}.Debug|Any CPU.Build.0 = Debug|Any CPU
		{A25DC3B6-6804-43A6-BDEF-4EB1EDAC8512}.Release|Any CPU.ActiveCfg = Release|Any CPU
		{A25DC3B6-6804-43A6-BDEF-4EB1EDAC8512}.Release|Any CPU.Build.0 = Release|Any CPU
	EndGlobalSection
	GlobalSection(SolutionProperties) = preSolution
		HideSolutionNode = FALSE
	EndGlobalSection
	GlobalSection(ExtensibilityGlobals) = postSolution
		SolutionGuid = {90304009-0FCA-42E5-8EE9-68020F48DC1A}
	EndGlobalSection
EndGlobal
